
Microsoft Visual Studio Solution File, Format Version 12.00
# Visual Studio Version 17
VisualStudioVersion = 17.2.32602.215
MinimumVisualStudioVersion = 10.0.40219.1
Project("{9A19103F-16F7-4668-BE54-9A1E7A4F7556}") = "Toolkits", "Toolkits\Toolkits.csproj", "{1EFC84EA-8C6D-4DE5-8C8F-A6334B6AC9CE}"
EndProject
Project("{9A19103F-16F7-4668-BE54-9A1E7A4F7556}") = "QuickUI", "QuickUI\QuickUI.csproj", "{2B4E1CD7-0A2E-4970-80B2-85BD3ABCB15D}"
EndProject
Project("{2150E333-8FDC-42A3-9474-1A3956D46DE8}") = "Demo", "Demo", "{8A194CDD-EED8-466F-A174-C961AD57146E}"
EndProject
Project("{9A19103F-16F7-4668-BE54-9A1E7A4F7556}") = "PureWindow", "Demo\PureWindow\PureWindow.csproj", "{ABEDE439-BFFC-4500-AFB4-FBFEFD69C6F9}"
EndProject
Project("{9A19103F-16F7-4668-BE54-9A1E7A4F7556}") = "BindingDemo", "Demo\BindingDemo\BindingDemo.csproj", "{7D75C3E9-DB2F-4F91-ADEA-68E75286E2C8}"
EndProject
Project("{2150E333-8FDC-42A3-9474-1A3956D46DE8}") = "Archive", "Archive", "{65F42D54-56DE-4EE0-AACF-093767967DEE}"
EndProject
Project("{2150E333-8FDC-42A3-9474-1A3956D46DE8}") = "01 QR", "01 QR", "{E428F1BF-94C2-49B5-B357-3B9AF68B6465}"
EndProject
Project("{9A19103F-16F7-4668-BE54-9A1E7A4F7556}") = "QR.Core", "Archive\01 QR\QR.Core\QR.Core.csproj", "{0E4F80FB-A546-4A92-9E56-294BF8A624AA}"
EndProject
Project("{9A19103F-16F7-4668-BE54-9A1E7A4F7556}") = "QR.Shell", "Archive\01 QR\QR.Shell\QR.Shell.csproj", "{4E991430-8ED3-4DB9-B789-B30190524801}"
EndProject
Project("{9A19103F-16F7-4668-BE54-9A1E7A4F7556}") = "QR.Test", "Archive\01 QR\QR.Test\QR.Test.csproj", "{2BCCC269-07B0-4A45-9DD5-85126540CB07}"
EndProject
Project("{9A19103F-16F7-4668-BE54-9A1E7A4F7556}") = "QR.ViewModels", "Archive\01 QR\QR.ViewModels\QR.ViewModels.csproj", "{6195B46A-8C27-4DD4-9117-81B5ADCB8C94}"
EndProject
Global
	GlobalSection(SolutionConfigurationPlatforms) = preSolution
		Debug|Any CPU = Debug|Any CPU
		Release|Any CPU = Release|Any CPU
	EndGlobalSection
	GlobalSection(ProjectConfigurationPlatforms) = postSolution
		{1EFC84EA-8C6D-4DE5-8C8F-A6334B6AC9CE}.Debug|Any CPU.ActiveCfg = Debug|Any CPU
		{1EFC84EA-8C6D-4DE5-8C8F-A6334B6AC9CE}.Debug|Any CPU.Build.0 = Debug|Any CPU
		{1EFC84EA-8C6D-4DE5-8C8F-A6334B6AC9CE}.Release|Any CPU.ActiveCfg = Release|Any CPU
		{1EFC84EA-8C6D-4DE5-8C8F-A6334B6AC9CE}.Release|Any CPU.Build.0 = Release|Any CPU
		{2B4E1CD7-0A2E-4970-80B2-85BD3ABCB15D}.Debug|Any CPU.ActiveCfg = Debug|Any CPU
		{2B4E1CD7-0A2E-4970-80B2-85BD3ABCB15D}.Debug|Any CPU.Build.0 = Debug|Any CPU
		{2B4E1CD7-0A2E-4970-80B2-85BD3ABCB15D}.Release|Any CPU.ActiveCfg = Release|Any CPU
		{2B4E1CD7-0A2E-4970-80B2-85BD3ABCB15D}.Release|Any CPU.Build.0 = Release|Any CPU
		{ABEDE439-BFFC-4500-AFB4-FBFEFD69C6F9}.Debug|Any CPU.ActiveCfg = Debug|Any CPU
		{ABEDE439-BFFC-4500-AFB4-FBFEFD69C6F9}.Debug|Any CPU.Build.0 = Debug|Any CPU
		{ABEDE439-BFFC-4500-AFB4-FBFEFD69C6F9}.Release|Any CPU.ActiveCfg = Release|Any CPU
		{ABEDE439-BFFC-4500-AFB4-FBFEFD69C6F9}.Release|Any CPU.Build.0 = Release|Any CPU
		{7D75C3E9-DB2F-4F91-ADEA-68E75286E2C8}.Debug|Any CPU.ActiveCfg = Debug|Any CPU
		{7D75C3E9-DB2F-4F91-ADEA-68E75286E2C8}.Debug|Any CPU.Build.0 = Debug|Any CPU
		{7D75C3E9-DB2F-4F91-ADEA-68E75286E2C8}.Release|Any CPU.ActiveCfg = Release|Any CPU
		{7D75C3E9-DB2F-4F91-ADEA-68E75286E2C8}.Release|Any CPU.Build.0 = Release|Any CPU
		{0E4F80FB-A546-4A92-9E56-294BF8A624AA}.Debug|Any CPU.ActiveCfg = Debug|Any CPU
		{0E4F80FB-A546-4A92-9E56-294BF8A624AA}.Debug|Any CPU.Build.0 = Debug|Any CPU
		{0E4F80FB-A546-4A92-9E56-294BF8A624AA}.Release|Any CPU.ActiveCfg = Release|Any CPU
		{0E4F80FB-A546-4A92-9E56-294BF8A624AA}.Release|Any CPU.Build.0 = Release|Any CPU
		{4E991430-8ED3-4DB9-B789-B30190524801}.Debug|Any CPU.ActiveCfg = Debug|Any CPU
		{4E991430-8ED3-4DB9-B789-B30190524801}.Debug|Any CPU.Build.0 = Debug|Any CPU
		{4E991430-8ED3-4DB9-B789-B30190524801}.Release|Any CPU.ActiveCfg = Release|Any CPU
		{4E991430-8ED3-4DB9-B789-B30190524801}.Release|Any CPU.Build.0 = Release|Any CPU
		{2BCCC269-07B0-4A45-9DD5-85126540CB07}.Debug|Any CPU.ActiveCfg = Debug|Any CPU
		{2BCCC269-07B0-4A45-9DD5-85126540CB07}.Debug|Any CPU.Build.0 = Debug|Any CPU
		{2BCCC269-07B0-4A45-9DD5-85126540CB07}.Release|Any CPU.ActiveCfg = Release|Any CPU
		{2BCCC269-07B0-4A45-9DD5-85126540CB07}.Release|Any CPU.Build.0 = Release|Any CPU
		{6195B46A-8C27-4DD4-9117-81B5ADCB8C94}.Debug|Any CPU.ActiveCfg = Debug|Any CPU
		{6195B46A-8C27-4DD4-9117-81B5ADCB8C94}.Debug|Any CPU.Build.0 = Debug|Any CPU
		{6195B46A-8C27-4DD4-9117-81B5ADCB8C94}.Release|Any CPU.ActiveCfg = Release|Any CPU
		{6195B46A-8C27-4DD4-9117-81B5ADCB8C94}.Release|Any CPU.Build.0 = Release|Any CPU
	EndGlobalSection
	GlobalSection(SolutionProperties) = preSolution
		HideSolutionNode = FALSE
	EndGlobalSection
	GlobalSection(NestedProjects) = preSolution
		{ABEDE439-BFFC-4500-AFB4-FBFEFD69C6F9} = {8A194CDD-EED8-466F-A174-C961AD57146E}
		{7D75C3E9-DB2F-4F91-ADEA-68E75286E2C8} = {8A194CDD-EED8-466F-A174-C961AD57146E}
		{E428F1BF-94C2-49B5-B357-3B9AF68B6465} = {65F42D54-56DE-4EE0-AACF-093767967DEE}
		{0E4F80FB-A546-4A92-9E56-294BF8A624AA} = {E428F1BF-94C2-49B5-B357-3B9AF68B6465}
		{4E991430-8ED3-4DB9-B789-B30190524801} = {E428F1BF-94C2-49B5-B357-3B9AF68B6465}
		{2BCCC269-07B0-4A45-9DD5-85126540CB07} = {E428F1BF-94C2-49B5-B357-3B9AF68B6465}
		{6195B46A-8C27-4DD4-9117-81B5ADCB8C94} = {E428F1BF-94C2-49B5-B357-3B9AF68B6465}
	EndGlobalSection
	GlobalSection(ExtensibilityGlobals) = postSolution
		SolutionGuid = {67F2EFD6-D965-42E3-B273-C612C9E8CA8D}
	EndGlobalSection
EndGlobal
